Microsoft Visual Studio Solution File, Format Version 12.00
# Visual Studio Version 16
VisualStudioVersion = 16.0.30204.135
MinimumVisualStudioVersion = 10.0.40219.1
Project("{8BC9CEB8-8B4A-11D0-8D11-00A0C91BC942}") = "TiberianDawn", "TiberianDawn\TiberianDawn.vcxproj", "{1380ED08-82A3-49C2-A171-1915574B3382}"
EndProject
Project("{8BC9CEB8-8B4A-11D0-8D11-00A0C91BC942}") = "Nco.Lua", "Nco.Lua\Nco.Lua.vcxproj", "{2C5F291E-C782-4CC5-BDEC-D4B72830DD6C}"
EndProject
Project("{8BC9CEB8-8B4A-11D0-8D11-00A0C91BC942}") = "Nco.Tests", "Nco.Tests\Nco.Tests.vcxproj", "{BBAB3D6D-A348-4DCC-8099-DE86C7D604FE}"
EndProject
Global
	GlobalSection(SolutionConfigurationPlatforms) = preSolution
		Debug|x64 = Debug|x64
		Debug|x86 = Debug|x86
		Release|x64 = Release|x64
		Release|x86 = Release|x86
		TestConsole|x64 = TestConsole|x64
		TestConsole|x86 = TestConsole|x86
		TestConsoleLuaRepl|x64 = TestConsoleLuaRepl|x64
		TestConsoleLuaRepl|x86 = TestConsoleLuaRepl|x86
	EndGlobalSection
	GlobalSection(ProjectConfigurationPlatforms) = postSolution
		{1380ED08-82A3-49C2-A171-1915574B3382}.Debug|x64.ActiveCfg = Debug|Win32
		{1380ED08-82A3-49C2-A171-1915574B3382}.Debug|x86.ActiveCfg = Debug|Win32
		{1380ED08-82A3-49C2-A171-1915574B3382}.Debug|x86.Build.0 = Debug|Win32
		{1380ED08-82A3-49C2-A171-1915574B3382}.Release|x64.ActiveCfg = Release|Win32
		{1380ED08-82A3-49C2-A171-1915574B3382}.Release|x86.ActiveCfg = Release|Win32
		{1380ED08-82A3-49C2-A171-1915574B3382}.Release|x86.Build.0 = Release|Win32
		{1380ED08-82A3-49C2-A171-1915574B3382}.TestConsole|x64.ActiveCfg = TestConsole|Win32
		{1380ED08-82A3-49C2-A171-1915574B3382}.TestConsole|x86.ActiveCfg = TestConsole|Win32
		{1380ED08-82A3-49C2-A171-1915574B3382}.TestConsole|x86.Build.0 = TestConsole|Win32
		{1380ED08-82A3-49C2-A171-1915574B3382}.TestConsoleLuaRepl|x64.ActiveCfg = TestConsoleLuaRepl|Win32
		{1380ED08-82A3-49C2-A171-1915574B3382}.TestConsoleLuaRepl|x86.ActiveCfg = TestConsoleLuaRepl|Win32
		{1380ED08-82A3-49C2-A171-1915574B3382}.TestConsoleLuaRepl|x86.Build.0 = TestConsoleLuaRepl|Win32
		{2C5F291E-C782-4CC5-BDEC-D4B72830DD6C}.Debug|x64.ActiveCfg = Debug|x64
		{2C5F291E-C782-4CC5-BDEC-D4B72830DD6C}.Debug|x64.Build.0 = Debug|x64
		{2C5F291E-C782-4CC5-BDEC-D4B72830DD6C}.Debug|x86.ActiveCfg = Debug|Win32
		{2C5F291E-C782-4CC5-BDEC-D4B72830DD6C}.Debug|x86.Build.0 = Debug|Win32
		{2C5F291E-C782-4CC5-BDEC-D4B72830DD6C}.Release|x64.ActiveCfg = Release|x64
		{2C5F291E-C782-4CC5-BDEC-D4B72830DD6C}.Release|x64.Build.0 = Release|x64
		{2C5F291E-C782-4CC5-BDEC-D4B72830DD6C}.Release|x86.ActiveCfg = Release|Win32
		{2C5F291E-C782-4CC5-BDEC-D4B72830DD6C}.Release|x86.Build.0 = Release|Win32
		{2C5F291E-C782-4CC5-BDEC-D4B72830DD6C}.TestConsole|x64.ActiveCfg = Debug|x64
		{2C5F291E-C782-4CC5-BDEC-D4B72830DD6C}.TestConsole|x64.Build.0 = Debug|x64
		{2C5F291E-C782-4CC5-BDEC-D4B72830DD6C}.TestConsole|x86.ActiveCfg = TestConsole|Win32
		{2C5F291E-C782-4CC5-BDEC-D4B72830DD6C}.TestConsole|x86.Build.0 = TestConsole|Win32
		{2C5F291E-C782-4CC5-BDEC-D4B72830DD6C}.TestConsoleLuaRepl|x64.ActiveCfg = Debug|x64
		{2C5F291E-C782-4CC5-BDEC-D4B72830DD6C}.TestConsoleLuaRepl|x64.Build.0 = Debug|x64
		{2C5F291E-C782-4CC5-BDEC-D4B72830DD6C}.TestConsoleLuaRepl|x86.ActiveCfg = TestConsoleLuaRepl|Win32
		{2C5F291E-C782-4CC5-BDEC-D4B72830DD6C}.TestConsoleLuaRepl|x86.Build.0 = TestConsoleLuaRepl|Win32
		{BBAB3D6D-A348-4DCC-8099-DE86C7D604FE}.Debug|x64.ActiveCfg = Debug|Win32
		{BBAB3D6D-A348-4DCC-8099-DE86C7D604FE}.Debug|x86.ActiveCfg = Debug|Win32
		{BBAB3D6D-A348-4DCC-8099-DE86C7D604FE}.Debug|x86.Build.0 = Debug|Win32
		{BBAB3D6D-A348-4DCC-8099-DE86C7D604FE}.Release|x64.ActiveCfg = Debug|Win32
		{BBAB3D6D-A348-4DCC-8099-DE86C7D604FE}.Release|x64.Build.0 = Debug|Win32
		{BBAB3D6D-A348-4DCC-8099-DE86C7D604FE}.Release|x86.ActiveCfg = Debug|Win32
		{BBAB3D6D-A348-4DCC-8099-DE86C7D604FE}.Release|x86.Build.0 = Debug|Win32
		{BBAB3D6D-A348-4DCC-8099-DE86C7D604FE}.TestConsole|x64.ActiveCfg = Debug|Win32
		{BBAB3D6D-A348-4DCC-8099-DE86C7D604FE}.TestConsole|x64.Build.0 = Debug|Win32
		{BBAB3D6D-A348-4DCC-8099-DE86C7D604FE}.TestConsole|x86.ActiveCfg = Debug|Win32
		{BBAB3D6D-A348-4DCC-8099-DE86C7D604FE}.TestConsole|x86.Build.0 = Debug|Win32
		{BBAB3D6D-A348-4DCC-8099-DE86C7D604FE}.TestConsoleLuaRepl|x64.ActiveCfg = Debug|Win32
		{BBAB3D6D-A348-4DCC-8099-DE86C7D604FE}.TestConsoleLuaRepl|x64.Build.0 = Debug|Win32
		{BBAB3D6D-A348-4DCC-8099-DE86C7D604FE}.TestConsoleLuaRepl|x86.ActiveCfg = Debug|Win32
		{BBAB3D6D-A348-4DCC-8099-DE86C7D604FE}.TestConsoleLuaRepl|x86.Build.0 = Debug|Win32
	EndGlobalSection
	GlobalSection(SolutionProperties) = preSolution
		HideSolutionNode = FALSE
	EndGlobalSection
	GlobalSection(ExtensibilityGlobals) = postSolution
		SolutionGuid = {712D2733-25EE-407D-AEF8-B2342757E119}
	EndGlobalSection
EndGlobal
