<?xml version="1.0" encoding="utf-8"?>
<Project ToolsVersion="4.0" xmlns="http://schemas.microsoft.com/developer/msbuild/2003">
  <ItemGroup>
    <Filter Include="Source Files">
      <UniqueIdentifier>{956F53E4-D677-47D2-B8D9-868A8A9FD175}</UniqueIdentifier>
      <Extensions>cpp;c;cc;cxx;c++;cppm;ixx;def;odl;idl;hpj;bat;asm;asmx</Extensions>
    </Filter>
    <Filter Include="Header Files">
      <UniqueIdentifier>{9FECC801-8DF7-4087-82B0-5207E9194CF6}</UniqueIdentifier>
      <Extensions>h;hh;hpp;hxx;h++;hm;inl;inc;ipp;xsd</Extensions>
    </Filter>
    <Filter Include="Resource Files">
      <UniqueIdentifier>{503D2259-99B9-4A99-BE85-9EC73B4D9F34}</UniqueIdentifier>
      <Extensions>rc;ico;cur;bmp;dlg;rc2;rct;bin;rgs;gif;jpg;jpeg;jpe;resx;tiff;tif;png;wav;mfcribbon-ms</Extensions>
    </Filter>
    <Filter Include="Header Files\RuleNames">
      <UniqueIdentifier>{345b5f09-8d3c-4bc5-bb61-b47fc3b228a7}</UniqueIdentifier>
    </Filter>
    <Filter Include="Header Files\Mods">
      <UniqueIdentifier>{640f12c6-5e2c-4cc7-8804-db2307017074}</UniqueIdentifier>
    </Filter>
    <Filter Include="Header Files\Lua">
      <UniqueIdentifier>{b0a247fc-cf83-493d-bdfd-ac64ce8d62fb}</UniqueIdentifier>
    </Filter>
  </ItemGroup>
  <ItemGroup>
    <ClInclude Include="IRulesIni.h">
      <Filter>Header Files</Filter>
    </ClInclude>
    <ClInclude Include="IRulesIniSection.h">
      <Filter>Header Files</Filter>
    </ClInclude>
    <ClInclude Include="RulesIni.h">
      <Filter>Header Files</Filter>
    </ClInclude>
    <ClInclude Include="RulesIniRule.h">
      <Filter>Header Files</Filter>
    </ClInclude>
    <ClInclude Include="RulesIniRuleKey.h">
      <Filter>Header Files</Filter>
    </ClInclude>
    <ClInclude Include="RulesIniSection.h">
      <Filter>Header Files</Filter>
    </ClInclude>
    <ClInclude Include="RulesIniTypes.h">
      <Filter>Header Files</Filter>
    </ClInclude>
    <ClInclude Include="RuleHashUtils.h">
      <Filter>Header Files</Filter>
    </ClInclude>
    <ClInclude Include="RulesRuntime.h">
      <Filter>Header Files</Filter>
    </ClInclude>
    <ClInclude Include="IRulesIniReader.h">
      <Filter>Header Files</Filter>
    </ClInclude>
    <ClInclude Include="RulesIniReader.h">
      <Filter>Header Files</Filter>
    </ClInclude>
    <ClInclude Include="RulesIniSectionBuilder.h">
      <Filter>Header Files</Filter>
    </ClInclude>
    <ClInclude Include="rules_ini_ai.h">
      <Filter>Header Files\RuleNames</Filter>
    </ClInclude>
    <ClInclude Include="rules_ini_difficulty.h">
      <Filter>Header Files\RuleNames</Filter>
    </ClInclude>
    <ClInclude Include="rules_ini_enhancements.h">
      <Filter>Header Files\RuleNames</Filter>
    </ClInclude>
    <ClInclude Include="rules_ini_iq.h">
      <Filter>Header Files\RuleNames</Filter>
    </ClInclude>
    <ClInclude Include="rules_ini_mods.h">
      <Filter>Header Files\RuleNames</Filter>
    </ClInclude>
    <ClInclude Include="rules_ini_nco.h">
      <Filter>Header Files\RuleNames</Filter>
    </ClInclude>
    <ClInclude Include="NcoGameMod.h">
      <Filter>Header Files\Mods</Filter>
    </ClInclude>
    <ClInclude Include="IRulesRuntime.h">
      <Filter>Header Files</Filter>
    </ClInclude>
    <ClInclude Include="NcoRuntime.h">
      <Filter>Header Files</Filter>
    </ClInclude>
    <ClInclude Include="RuleSectionApi.h">
      <Filter>Header Files\Lua</Filter>
    </ClInclude>
    <ClInclude Include="RulesSectionTypeWrapperApi.h">
      <Filter>Header Files\Lua</Filter>
    </ClInclude>
    <ClInclude Include="EnhancementKeys.h">
      <Filter>Header Files</Filter>
    </ClInclude>
    <ClInclude Include="GameModsRuntime.h">
      <Filter>Header Files\Mods</Filter>
    </ClInclude>
    <ClInclude Include="IGameMod.h">
      <Filter>Header Files\Mods</Filter>
    </ClInclude>
  </ItemGroup>
  <ItemGroup>
    <ClCompile Include="RulesIniRule.cpp">
      <Filter>Source Files</Filter>
    </ClCompile>
    <ClCompile Include="EnhancementKeys.cpp">
      <Filter>Source Files</Filter>
    </ClCompile>
  </ItemGroup>
</Project>